
Microsoft Visual Studio Solution File, Format Version 12.00
# Visual Studio 15
VisualStudioVersion = 15.0.27004.2009
MinimumVisualStudioVersion = 10.0.40219.1
Project("{8BC9CEB8-8B4A-11D0-8D11-00A0C91BC942}") = "Raspberry_C++", "Raspberry_C++\Raspberry_C++.vcxproj", "{45487A12-A881-480B-94C3-2AD4C39EFC6E}"
EndProject
Global
	GlobalSection(SolutionConfigurationPlatforms) = preSolution
		Debug|ARM = Debug|ARM
		Release|ARM = Release|ARM
	EndGlobalSection
	GlobalSection(ProjectConfigurationPlatforms) = postSolution
		{45487A12-A881-480B-94C3-2AD4C39EFC6E}.Debug|ARM.ActiveCfg = Debug|ARM
		{45487A12-A881-480B-94C3-2AD4C39EFC6E}.Debug|ARM.Build.0 = Debug|ARM
		{45487A12-A881-480B-94C3-2AD4C39EFC6E}.Release|ARM.ActiveCfg = Release|ARM
		{45487A12-A881-480B-94C3-2AD4C39EFC6E}.Release|ARM.Build.0 = Release|ARM
	EndGlobalSection
	GlobalSection(SolutionProperties) = preSolution
		HideSolutionNode = FALSE
	EndGlobalSection
	GlobalSection(ExtensibilityGlobals) = postSolution
		SolutionGuid = {E6F518A1-6DF5-490C-9A3B-6EF89EA76E45}
	EndGlobalSection
EndGlobal
